{
  "originHash" : "4e5515f5d8d965e65e1c517f8189e1ac72a979fb6f5174cbd1592492f3d3d0ea",
  "pins" : [
    {
      "identity" : "keyrmes",
      "kind" : "remoteSourceControl",
      "location" : "https://github.com/bpluta/Keyrmes.git",
      "state" : {
        "revision" : "17ec16879771959d9822a11028a81549dc2328f0",
        "version" : "1.0.0"
      }
    },
    {
      "identity" : "swift-syntax",
      "kind" : "remoteSourceControl",
      "location" : "https://github.com/apple/swift-syntax.git",
      "state" : {
        "revision" : "0687f71944021d616d34d922343dcef086855920",
        "version" : "600.0.1"
      }
    }
  ],
  "version" : 3
}
