{
  "originHash" : "4e5515f5d8d965e65e1c517f8189e1ac72a979fb6f5174cbd1592492f3d3d0ea",
  "pins" : [
    {
      "identity" : "keyrmes",
      "kind" : "remoteSourceControl",
      "location" : "https://github.com/bpluta/Keyrmes.git",
      "state" : {
        "revision" : "d645f97fecce6f30e294ac129daa7a19fb345b14",
        "version" : "1.0.1"
      }
    },
    {
      "identity" : "swift-syntax",
      "kind" : "remoteSourceControl",
      "location" : "https://github.com/swiftlang/swift-syntax.git",
      "state" : {
        "revision" : "9de99a78f099e59caf2b2beec65a4c45d54b2081",
        "version" : "603.0.1"
      }
    }
  ],
  "version" : 3
}
